
Microsoft Visual Studio Solution File, Format Version 12.00
# Visual Studio Version 18
VisualStudioVersion = 18.3.11206.111 d18.3
MinimumVisualStudioVersion = 10.0.40219.1
Project("{2150E333-8FDC-42A3-9474-1A3956D46DE8}") = "1. Web", "1. Web", "{143E33CE-986E-4B3C-B076-826E1434A4B0}"
EndProject
Project("{2150E333-8FDC-42A3-9474-1A3956D46DE8}") = "2. Mobile", "2. Mobile", "{DA2A4D1D-D969-47AA-B198-5064D7EDFEB4}"
EndProject
Project("{2150E333-8FDC-42A3-9474-1A3956D46DE8}") = "3. Server", "3. Server", "{7FC153B4-5AB2-46FA-ABF2-87F75C8730A3}"
EndProject
Project("{2150E333-8FDC-42A3-9474-1A3956D46DE8}") = "1. Api", "1. Api", "{ADD30E08-6553-4F7B-80F5-AEA35E30A286}"
EndProject
Project("{2150E333-8FDC-42A3-9474-1A3956D46DE8}") = "2. Application", "2. Application", "{FD16B4C3-A3FD-40DC-988D-FB77FB55FC03}"
EndProject
Project("{2150E333-8FDC-42A3-9474-1A3956D46DE8}") = "3. Domain", "3. Domain", "{E43077A0-D4BA-4CCD-9E9D-419DCA30C212}"
EndProject
Project("{2150E333-8FDC-42A3-9474-1A3956D46DE8}") = "4. Infra", "4. Infra", "{B8D515C2-99B6-4554-BF77-3DA0472873C2}"
EndProject
Project("{FAE04EC0-301F-11D3-BF4B-00C04F79EFBC}") = "ToDoList.Server.Domain", "ToDoList.Domain\ToDoList.Server.Domain.csproj", "{7FA9B7E1-0C85-40C5-9438-C21EC594B991}"
EndProject
Project("{2150E333-8FDC-42A3-9474-1A3956D46DE8}") = "4. Tests", "4. Tests", "{CEDE357B-3DA8-4F07-92B7-CF14D1DE7037}"
EndProject
Project("{FAE04EC0-301F-11D3-BF4B-00C04F79EFBC}") = "ToDoList.Data", "ToDoList.Data\ToDoList.Data.csproj", "{4A539B95-9345-4059-816C-6228B508BC00}"
EndProject
Project("{2150E333-8FDC-42A3-9474-1A3956D46DE8}") = "1. App", "1. App", "{B24F50B8-BF73-4E04-B229-1C316C64186D}"
EndProject
Project("{2150E333-8FDC-42A3-9474-1A3956D46DE8}") = "2. Application", "2. Application", "{E7ED3445-6C9C-437A-A558-7148396DFA35}"
EndProject
Project("{2150E333-8FDC-42A3-9474-1A3956D46DE8}") = "3. Domain", "3. Domain", "{13D7446B-C9B2-411C-B444-35AC29E347F1}"
EndProject
Project("{2150E333-8FDC-42A3-9474-1A3956D46DE8}") = "4. Infra", "4. Infra", "{170E17D3-D3F1-4EB9-ADEF-160DF0160B3A}"
EndProject
Global
	GlobalSection(SolutionConfigurationPlatforms) = preSolution
		Debug|Any CPU = Debug|Any CPU
		Release|Any CPU = Release|Any CPU
	EndGlobalSection
	GlobalSection(ProjectConfigurationPlatforms) = postSolution
		{7FA9B7E1-0C85-40C5-9438-C21EC594B991}.Debug|Any CPU.ActiveCfg = Debug|Any CPU
		{7FA9B7E1-0C85-40C5-9438-C21EC594B991}.Debug|Any CPU.Build.0 = Debug|Any CPU
		{7FA9B7E1-0C85-40C5-9438-C21EC594B991}.Release|Any CPU.ActiveCfg = Release|Any CPU
		{7FA9B7E1-0C85-40C5-9438-C21EC594B991}.Release|Any CPU.Build.0 = Release|Any CPU
		{4A539B95-9345-4059-816C-6228B508BC00}.Debug|Any CPU.ActiveCfg = Debug|Any CPU
		{4A539B95-9345-4059-816C-6228B508BC00}.Debug|Any CPU.Build.0 = Debug|Any CPU
		{4A539B95-9345-4059-816C-6228B508BC00}.Release|Any CPU.ActiveCfg = Release|Any CPU
		{4A539B95-9345-4059-816C-6228B508BC00}.Release|Any CPU.Build.0 = Release|Any CPU
	EndGlobalSection
	GlobalSection(SolutionProperties) = preSolution
		HideSolutionNode = FALSE
	EndGlobalSection
	GlobalSection(NestedProjects) = preSolution
		{ADD30E08-6553-4F7B-80F5-AEA35E30A286} = {7FC153B4-5AB2-46FA-ABF2-87F75C8730A3}
		{FD16B4C3-A3FD-40DC-988D-FB77FB55FC03} = {7FC153B4-5AB2-46FA-ABF2-87F75C8730A3}
		{E43077A0-D4BA-4CCD-9E9D-419DCA30C212} = {7FC153B4-5AB2-46FA-ABF2-87F75C8730A3}
		{B8D515C2-99B6-4554-BF77-3DA0472873C2} = {7FC153B4-5AB2-46FA-ABF2-87F75C8730A3}
		{7FA9B7E1-0C85-40C5-9438-C21EC594B991} = {E43077A0-D4BA-4CCD-9E9D-419DCA30C212}
		{4A539B95-9345-4059-816C-6228B508BC00} = {B8D515C2-99B6-4554-BF77-3DA0472873C2}
		{B24F50B8-BF73-4E04-B229-1C316C64186D} = {DA2A4D1D-D969-47AA-B198-5064D7EDFEB4}
		{E7ED3445-6C9C-437A-A558-7148396DFA35} = {DA2A4D1D-D969-47AA-B198-5064D7EDFEB4}
		{13D7446B-C9B2-411C-B444-35AC29E347F1} = {DA2A4D1D-D969-47AA-B198-5064D7EDFEB4}
		{170E17D3-D3F1-4EB9-ADEF-160DF0160B3A} = {DA2A4D1D-D969-47AA-B198-5064D7EDFEB4}
	EndGlobalSection
	GlobalSection(ExtensibilityGlobals) = postSolution
		SolutionGuid = {C80EA9B6-9EE1-4391-BF44-F6D0C6FADC8B}
	EndGlobalSection
EndGlobal
